
Microsoft Visual Studio Solution File, Format Version 12.00
# Visual Studio Version 17
VisualStudioVersion = 17.4.33103.184
MinimumVisualStudioVersion = 10.0.40219.1
Project("{FAE04EC0-301F-11D3-BF4B-00C04F79EFBC}") = "OtoGaleri", "OtoGaleri\OtoGaleri.csproj", "{7DC7207B-80E0-418B-A53F-E23002B48A54}"
EndProject
Global
	GlobalSection(SolutionConfigurationPlatforms) = preSolution
		Debug|Any CPU = Debug|Any CPU
		Release|Any CPU = Release|Any CPU
	EndGlobalSection
	GlobalSection(ProjectConfigurationPlatforms) = postSolution
		{7DC7207B-80E0-418B-A53F-E23002B48A54}.Debug|Any CPU.ActiveCfg = Debug|Any CPU
		{7DC7207B-80E0-418B-A53F-E23002B48A54}.Debug|Any CPU.Build.0 = Debug|Any CPU
		{7DC7207B-80E0-418B-A53F-E23002B48A54}.Release|Any CPU.ActiveCfg = Release|Any CPU
		{7DC7207B-80E0-418B-A53F-E23002B48A54}.Release|Any CPU.Build.0 = Release|Any CPU
	EndGlobalSection
	GlobalSection(SolutionProperties) = preSolution
		HideSolutionNode = FALSE
	EndGlobalSection
	GlobalSection(ExtensibilityGlobals) = postSolution
		SolutionGuid = {9B1B741D-4191-48E6-B1CB-514CDEC76111}
	EndGlobalSection
EndGlobal
